{
  "name": "cyclotron-diagrams",
  "lockfileVersion": 3,
  "requires": true,
  "packages": {
    "": {
      "name": "cyclotron-diagrams",
      "dependencies": {
        "@d2lang/d2": "0.1.34"
      }
    },
    "node_modules/@d2lang/d2": {
      "version": "0.1.34",
      "resolved": "https://registry.npmjs.org/@d2lang/d2/-/d2-0.1.34.tgz",
      "integrity": "sha512-35m2DaRUgeBy1cFbF9XEGIuaN/pMWrqkJtGj/tsq7OrU4N8degbY80Js7Mw7UeuE+fwGpxdZaGckEUVOPAj7CA==",
      "license": "MPL-2.0"
    }
  }
}
